Microsoft Visual Studio Solution File, Format Version 12.00
# Visual Studio Version 17
VisualStudioVersion = 17.5.2.0
MinimumVisualStudioVersion = 10.0.40219.1
Project("{FAE04EC0-301F-11D3-BF4B-00C04F79EFBC}") = "BalancedMeds", "BalancedMeds.csproj", "{992BCA2E-B297-5BC4-225D-8EF943ED372F}"
EndProject
Global
	GlobalSection(SolutionConfigurationPlatforms) = preSolution
		Debug|Any CPU = Debug|Any CPU
		Release|Any CPU = Release|Any CPU
	EndGlobalSection
	GlobalSection(ProjectConfigurationPlatforms) = postSolution
		{992BCA2E-B297-5BC4-225D-8EF943ED372F}.Debug|Any CPU.ActiveCfg = Debug|Any CPU
		{992BCA2E-B297-5BC4-225D-8EF943ED372F}.Debug|Any CPU.Build.0 = Debug|Any CPU
		{992BCA2E-B297-5BC4-225D-8EF943ED372F}.Release|Any CPU.ActiveCfg = Release|Any CPU
		{992BCA2E-B297-5BC4-225D-8EF943ED372F}.Release|Any CPU.Build.0 = Release|Any CPU
	EndGlobalSection
	GlobalSection(SolutionProperties) = preSolution
		HideSolutionNode = FALSE
	EndGlobalSection
	GlobalSection(ExtensibilityGlobals) = postSolution
		SolutionGuid = {BF1A9048-3DCF-4DF2-84FC-A5EA2069EDEF}
	EndGlobalSection
EndGlobal
